# THIS IS AN AUTOGENERATED FILE. DO NOT EDIT THIS FILE DIRECTLY.
# yarn lockfile v1


"jsonfn@^0.31.0":
  "integrity" "sha512-plmFJ1RIM+FzpeRIRabarGCC39BOCTmrVzcjxqSL5bEAiHKhERSuyD3/yQfYvbTQk0k91yAkcAqwwqafmMzDKQ=="
  "resolved" "https://registry.npmjs.org/jsonfn/-/jsonfn-0.31.0.tgz"
  "version" "0.31.0"
